// !$*UTF8*$!
{
	archiveVersion = 1;
	classes = {
	};
	objectVersion = 50;
	objects = {

/* Begin PBXBuildFile section */
		0456F07B20EDE9F9003503DA /* AppDelegate.m in Sources */ = {isa = PBXBuildFile; fileRef = 0456F07A20EDE9F9003503DA /* AppDelegate.m */; };
		0456F07E20EDE9F9003503DA /* ViewController.m in Sources */ = {isa = PBXBuildFile; fileRef = 0456F07D20EDE9F9003503DA /* ViewController.m */; };
		0456F08120EDE9F9003503DA /* Main.storyboard in Resources */ = {isa = PBXBuildFile; fileRef = 0456F07F20EDE9F9003503DA /* Main.storyboard */; };
		0456F08320EDE9FB003503DA /* Assets.xcassets in Resources */ = {isa = PBXBuildFile; fileRef = 0456F08220EDE9FB003503DA /* Assets.xcassets */; };
		0456F08620EDE9FB003503DA /* LaunchScreen.storyboard in Resources */ = {isa = PBXBuildFile; fileRef = 0456F08420EDE9FB003503DA /* LaunchScreen.storyboard */; };
		0456F08920EDE9FB003503DA /* main.m in Sources */ = {isa = PBXBuildFile; fileRef = 0456F08820EDE9FB003503DA /* main.m */; };
		0456F09320EDE9FB003503DA /* UIAlertViewTests.m in Sources */ = {isa = PBXBuildFile; fileRef = 0456F09220EDE9FB003503DA /* UIAlertViewTests.m */; };
		0456F09E20EDE9FB003503DA /* UIAlertViewUITests.m in Sources */ = {isa = PBXBuildFile; fileRef = 0456F09D20EDE9FB003503DA /* UIAlertViewUITests.m */; };
		0456F0B320EDEA79003503DA /* UIViewController+YCPopover.m in Sources */ = {isa = PBXBuildFile; fileRef = 0456F0AD20EDEA79003503DA /* UIViewController+YCPopover.m */; };
		0456F0B420EDEA79003503DA /* YCPopoverAnimator.m in Sources */ = {isa = PBXBuildFile; fileRef = 0456F0AF20EDEA79003503DA /* YCPopoverAnimator.m */; };
		0456F0B520EDEA79003503DA /* YCPresentationController.m in Sources */ = {isa = PBXBuildFile; fileRef = 0456F0B220EDEA79003503DA /* YCPresentationController.m */; };
		0456F0B920EDEAAC003503DA /* PopViewController.m in Sources */ = {isa = PBXBuildFile; fileRef = 0456F0B720EDEAAC003503DA /* PopViewController.m */; };
		0456F0BA20EDEAAD003503DA /* PopViewController.xib in Resources */ = {isa = PBXBuildFile; fileRef = 0456F0B820EDEAAC003503DA /* PopViewController.xib */; };
/* End PBXBuildFile section */

/* Begin PBXContainerItemProxy section */
		0456F08F20EDE9FB003503DA /* PBXContainerItemProxy */ = {
			isa = PBXContainerItemProxy;
			containerPortal = 0456F06E20EDE9F9003503DA /* Project object */;
			proxyType = 1;
			remoteGlobalIDString = 0456F07520EDE9F9003503DA;
			remoteInfo = UIAlertView;
		};
		0456F09A20EDE9FB003503DA /* PBXContainerItemProxy */ = {
			isa = PBXContainerItemProxy;
			containerPortal = 0456F06E20EDE9F9003503DA /* Project object */;
			proxyType = 1;
			remoteGlobalIDString = 0456F07520EDE9F9003503DA;
			remoteInfo = UIAlertView;
		};
/* End PBXContainerItemProxy section */

/* Begin PBXFileReference section */
		0456F07620EDE9F9003503DA /* UIAlertView.app */ = {isa = PBXFileReference; explicitFileType = wrapper.application; includeInIndex = 0; path = UIAlertView.app; sourceTree = BUILT_PRODUCTS_DIR; };
		0456F07920EDE9F9003503DA /* AppDelegate.h */ = {isa = PBXFileReference; lastKnownFileType = sourcecode.c.h; path = AppDelegate.h; sourceTree = "<group>"; };
		0456F07A20EDE9F9003503DA /* AppDelegate.m */ = {isa = PBXFileReference; lastKnownFileType = sourcecode.c.objc; path = AppDelegate.m; sourceTree = "<group>"; };
		0456F07C20EDE9F9003503DA /* ViewController.h */ = {isa = PBXFileReference; lastKnownFileType = sourcecode.c.h; path = ViewController.h; sourceTree = "<group>"; };
		0456F07D20EDE9F9003503DA /* ViewController.m */ = {isa = PBXFileReference; lastKnownFileType = sourcecode.c.objc; path = ViewController.m; sourceTree = "<group>"; };
		0456F08020EDE9F9003503DA /* Base */ = {isa = PBXFileReference; lastKnownFileType = file.storyboard; name = Base; path = Base.lproj/Main.storyboard; sourceTree = "<group>"; };
		0456F08220EDE9FB003503DA /* Assets.xcassets */ = {isa = PBXFileReference; lastKnownFileType = folder.assetcatalog; path = Assets.xcassets; sourceTree = "<group>"; };
		0456F08520EDE9FB003503DA /* Base */ = {isa = PBXFileReference; lastKnownFileType = file.storyboard; name = Base; path = Base.lproj/LaunchScreen.storyboard; sourceTree = "<group>"; };
		0456F08720EDE9FB003503DA /* Info.plist */ = {isa = PBXFileReference; lastKnownFileType = text.plist.xml; path = Info.plist; sourceTree = "<group>"; };
		0456F08820EDE9FB003503DA /* main.m */ = {isa = PBXFileReference; lastKnownFileType = sourcecode.c.objc; path = main.m; sourceTree = "<group>"; };
		0456F08E20EDE9FB003503DA /* UIAlertViewTests.xctest */ = {isa = PBXFileReference; explicitFileType = wrapper.cfbundle; includeInIndex = 0; path = UIAlertViewTests.xctest; sourceTree = BUILT_PRODUCTS_DIR; };
		0456F09220EDE9FB003503DA /* UIAlertViewTests.m */ = {isa = PBXFileReference; lastKnownFileType = sourcecode.c.objc; path = UIAlertViewTests.m; sourceTree = "<group>"; };
		0456F09420EDE9FB003503DA /* Info.plist */ = {isa = PBXFileReference; lastKnownFileType = text.plist.xml; path = Info.plist; sourceTree = "<group>"; };
		0456F09920EDE9FB003503DA /* UIAlertViewUITests.xctest */ = {isa = PBXFileReference; explicitFileType = wrapper.cfbundle; includeInIndex = 0; path = UIAlertViewUITests.xctest; sourceTree = BUILT_PRODUCTS_DIR; };
		0456F09D20EDE9FB003503DA /* UIAlertViewUITests.m */ = {isa = PBXFileReference; lastKnownFileType = sourcecode.c.objc; path = UIAlertViewUITests.m; sourceTree = "<group>"; };
		0456F09F20EDE9FB003503DA /* Info.plist */ = {isa = PBXFileReference; lastKnownFileType = text.plist.xml; path = Info.plist; sourceTree = "<group>"; };
		0456F0AC20EDEA79003503DA /* UIViewController+YCPopover.h */ = {isa = PBXFileReference; fileEncoding = 4; lastKnownFileType = sourcecode.c.h; path = "UIViewController+YCPopover.h"; sourceTree = "<group>"; };
		0456F0AD20EDEA79003503DA /* UIViewController+YCPopover.m */ = {isa = PBXFileReference; fileEncoding = 4; lastKnownFileType = sourcecode.c.objc; path = "UIViewController+YCPopover.m"; sourceTree = "<group>"; };
		0456F0AE20EDEA79003503DA /* YCPopoverAnimator.h */ = {isa = PBXFileReference; fileEncoding = 4; lastKnownFileType = sourcecode.c.h; path = YCPopoverAnimator.h; sourceTree = "<group>"; };
		0456F0AF20EDEA79003503DA /* YCPopoverAnimator.m */ = {isa = PBXFileReference; fileEncoding = 4; lastKnownFileType = sourcecode.c.objc; path = YCPopoverAnimator.m; sourceTree = "<group>"; };
		0456F0B020EDEA79003503DA /* YCPopoverMacro.h */ = {isa = PBXFileReference; fileEncoding = 4; lastKnownFileType = sourcecode.c.h; path = YCPopoverMacro.h; sourceTree = "<group>"; };
		0456F0B120EDEA79003503DA /* YCPresentationController.h */ = {isa = PBXFileReference; fileEncoding = 4; lastKnownFileType = sourcecode.c.h; path = YCPresentationController.h; sourceTree = "<group>"; };
		0456F0B220EDEA79003503DA /* YCPresentationController.m */ = {isa = PBXFileReference; fileEncoding = 4; lastKnownFileType = sourcecode.c.objc; path = YCPresentationController.m; sourceTree = "<group>"; };
		0456F0B620EDEAAC003503DA /* PopViewController.h */ = {isa = PBXFileReference; lastKnownFileType = sourcecode.c.h; path = PopViewController.h; sourceTree = "<group>"; };
		0456F0B720EDEAAC003503DA /* PopViewController.m */ = {isa = PBXFileReference; lastKnownFileType = sourcecode.c.objc; path = PopViewController.m; sourceTree = "<group>"; };
		0456F0B820EDEAAC003503DA /* PopViewController.xib */ = {isa = PBXFileReference; lastKnownFileType = file.xib; path = PopViewController.xib; sourceTree = "<group>"; };
/* End PBXFileReference section */

/* Begin PBXFrameworksBuildPhase section */
		0456F07320EDE9F9003503DA /* Frameworks */ = {
			isa = PBXFrameworksBuildPhase;
			buildActionMask = 2147483647;
			files = (
			);
			runOnlyForDeploymentPostprocessing = 0;
		};
		0456F08B20EDE9FB003503DA /* Frameworks */ = {
			isa = PBXFrameworksBuildPhase;
			buildActionMask = 2147483647;
			files = (
			);
			runOnlyForDeploymentPostprocessing = 0;
		};
		0456F09620EDE9FB003503DA /* Frameworks */ = {
			isa = PBXFrameworksBuildPhase;
			buildActionMask = 2147483647;
			files = (
			);
			runOnlyForDeploymentPostprocessing = 0;
		};
/* End PBXFrameworksBuildPhase section */

/* Begin PBXGroup section */
		0456F06D20EDE9F9003503DA = {
			isa = PBXGroup;
			children = (
				0456F07820EDE9F9003503DA /* UIAlertView */,
				0456F09120EDE9FB003503DA /* UIAlertViewTests */,
				0456F09C20EDE9FB003503DA /* UIAlertViewUITests */,
				0456F07720EDE9F9003503DA /* Products */,
			);
			sourceTree = "<group>";
		};
		0456F07720EDE9F9003503DA /* Products */ = {
			isa = PBXGroup;
			children = (
				0456F07620EDE9F9003503DA /* UIAlertView.app */,
				0456F08E20EDE9FB003503DA /* UIAlertViewTests.xctest */,
				0456F09920EDE9FB003503DA /* UIAlertViewUITests.xctest */,
			);
			name = Products;
			sourceTree = "<group>";
		};
		0456F07820EDE9F9003503DA /* UIAlertView */ = {
			isa = PBXGroup;
			children = (
				0456F0AB20EDEA79003503DA /* YCPopoverCompont */,
				0456F07920EDE9F9003503DA /* AppDelegate.h */,
				0456F07A20EDE9F9003503DA /* AppDelegate.m */,
				0456F07C20EDE9F9003503DA /* ViewController.h */,
				0456F07D20EDE9F9003503DA /* ViewController.m */,
				0456F0B620EDEAAC003503DA /* PopViewController.h */,
				0456F0B720EDEAAC003503DA /* PopViewController.m */,
				0456F0B820EDEAAC003503DA /* PopViewController.xib */,
				0456F07F20EDE9F9003503DA /* Main.storyboard */,
				0456F08220EDE9FB003503DA /* Assets.xcassets */,
				0456F08420EDE9FB003503DA /* LaunchScreen.storyboard */,
				0456F08720EDE9FB003503DA /* Info.plist */,
				0456F08820EDE9FB003503DA /* main.m */,
			);
			path = UIAlertView;
			sourceTree = "<group>";
		};
		0456F09120EDE9FB003503DA /* UIAlertViewTests */ = {
			isa = PBXGroup;
			children = (
				0456F09220EDE9FB003503DA /* UIAlertViewTests.m */,
				0456F09420EDE9FB003503DA /* Info.plist */,
			);
			path = UIAlertViewTests;
			sourceTree = "<group>";
		};
		0456F09C20EDE9FB003503DA /* UIAlertViewUITests */ = {
			isa = PBXGroup;
			children = (
				0456F09D20EDE9FB003503DA /* UIAlertViewUITests.m */,
				0456F09F20EDE9FB003503DA /* Info.plist */,
			);
			path = UIAlertViewUITests;
			sourceTree = "<group>";
		};
		0456F0AB20EDEA79003503DA /* YCPopoverCompont */ = {
			isa = PBXGroup;
			children = (
				0456F0AC20EDEA79003503DA /* UIViewController+YCPopover.h */,
				0456F0AD20EDEA79003503DA /* UIViewController+YCPopover.m */,
				0456F0AE20EDEA79003503DA /* YCPopoverAnimator.h */,
				0456F0AF20EDEA79003503DA /* YCPopoverAnimator.m */,
				0456F0B020EDEA79003503DA /* YCPopoverMacro.h */,
				0456F0B120EDEA79003503DA /* YCPresentationController.h */,
				0456F0B220EDEA79003503DA /* YCPresentationController.m */,
			);
			path = YCPopoverCompont;
			sourceTree = "<group>";
		};
/* End PBXGroup section */

/* Begin PBXNativeTarget section */
		0456F07520EDE9F9003503DA /* UIAlertView */ = {
			isa = PBXNativeTarget;
			buildConfigurationList = 0456F0A220EDE9FB003503DA /* Build configuration list for PBXNativeTarget "UIAlertView" */;
			buildPhases = (
				0456F07220EDE9F9003503DA /* Sources */,
				0456F07320EDE9F9003503DA /* Frameworks */,
				0456F07420EDE9F9003503DA /* Resources */,
			);
			buildRules = (
			);
			dependencies = (
			);
			name = UIAlertView;
			productName = UIAlertView;
			productReference = 0456F07620EDE9F9003503DA /* UIAlertView.app */;
			productType = "com.apple.product-type.application";
		};
		0456F08D20EDE9FB003503DA /* UIAlertViewTests */ = {
			isa = PBXNativeTarget;
			buildConfigurationList = 0456F0A520EDE9FB003503DA /* Build configuration list for PBXNativeTarget "UIAlertViewTests" */;
			buildPhases = (
				0456F08A20EDE9FB003503DA /* Sources */,
				0456F08B20EDE9FB003503DA /* Frameworks */,
				0456F08C20EDE9FB003503DA /* Resources */,
			);
			buildRules = (
			);
			dependencies = (
				0456F09020EDE9FB003503DA /* PBXTargetDependency */,
			);
			name = UIAlertViewTests;
			productName = UIAlertViewTests;
			productReference = 0456F08E20EDE9FB003503DA /* UIAlertViewTests.xctest */;
			productType = "com.apple.product-type.bundle.unit-test";
		};
		0456F09820EDE9FB003503DA /* UIAlertViewUITests */ = {
			isa = PBXNativeTarget;
			buildConfigurationList = 0456F0A820EDE9FB003503DA /* Build configuration list for PBXNativeTarget "UIAlertViewUITests" */;
			buildPhases = (
				0456F09520EDE9FB003503DA /* Sources */,
				0456F09620EDE9FB003503DA /* Frameworks */,
				0456F09720EDE9FB003503DA /* Resources */,
			);
			buildRules = (
			);
			dependencies = (
				0456F09B20EDE9FB003503DA /* PBXTargetDependency */,
			);
			name = UIAlertViewUITests;
			productName = UIAlertViewUITests;
			productReference = 0456F09920EDE9FB003503DA /* UIAlertViewUITests.xctest */;
			productType = "com.apple.product-type.bundle.ui-testing";
		};
/* End PBXNativeTarget section */

/* Begin PBXProject section */
		0456F06E20EDE9F9003503DA /* Project object */ = {
			isa = PBXProject;
			attributes = {
				LastUpgradeCheck = 0930;
				ORGANIZATIONNAME = mac;
				TargetAttributes = {
					0456F07520EDE9F9003503DA = {
						CreatedOnToolsVersion = 9.3;
					};
					0456F08D20EDE9FB003503DA = {
						CreatedOnToolsVersion = 9.3;
						TestTargetID = 0456F07520EDE9F9003503DA;
					};
					0456F09820EDE9FB003503DA = {
						CreatedOnToolsVersion = 9.3;
						TestTargetID = 0456F07520EDE9F9003503DA;
					};
				};
			};
			buildConfigurationList = 0456F07120EDE9F9003503DA /* Build configuration list for PBXProject "UIAlertView" */;
			compatibilityVersion = "Xcode 9.3";
			developmentRegion = en;
			hasScannedForEncodings = 0;
			knownRegions = (
				en,
				Base,
			);
			mainGroup = 0456F06D20EDE9F9003503DA;
			productRefGroup = 0456F07720EDE9F9003503DA /* Products */;
			projectDirPath = "";
			projectRoot = "";
			targets = (
				0456F07520EDE9F9003503DA /* UIAlertView */,
				0456F08D20EDE9FB003503DA /* UIAlertViewTests */,
				0456F09820EDE9FB003503DA /* UIAlertViewUITests */,
			);
		};
/* End PBXProject section */

/* Begin PBXResourcesBuildPhase section */
		0456F07420EDE9F9003503DA /* Resources */ = {
			isa = PBXResourcesBuildPhase;
			buildActionMask = 2147483647;
			files = (
				0456F0BA20EDEAAD003503DA /* PopViewController.xib in Resources */,
				0456F08620EDE9FB003503DA /* LaunchScreen.storyboard in Resources */,
				0456F08320EDE9FB003503DA /* Assets.xcassets in Resources */,
				0456F08120EDE9F9003503DA /* Main.storyboard in Resources */,
			);
			runOnlyForDeploymentPostprocessing = 0;
		};
		0456F08C20EDE9FB003503DA /* Resources */ = {
			isa = PBXResourcesBuildPhase;
			buildActionMask = 2147483647;
			files = (
			);
			runOnlyForDeploymentPostprocessing = 0;
		};
		0456F09720EDE9FB003503DA /* Resources */ = {
			isa = PBXResourcesBuildPhase;
			buildActionMask = 2147483647;
			files = (
			);
			runOnlyForDeploymentPostprocessing = 0;
		};
/* End PBXResourcesBuildPhase section */

/* Begin PBXSourcesBuildPhase section */
		0456F07220EDE9F9003503DA /* Sources */ = {
			isa = PBXSourcesBuildPhase;
			buildActionMask = 2147483647;
			files = (
				0456F07E20EDE9F9003503DA /* ViewController.m in Sources */,
				0456F08920EDE9FB003503DA /* main.m in Sources */,
				0456F0B420EDEA79003503DA /* YCPopoverAnimator.m in Sources */,
				0456F0B320EDEA79003503DA /* UIViewController+YCPopover.m in Sources */,
				0456F0B920EDEAAC003503DA /* PopViewController.m in Sources */,
				0456F07B20EDE9F9003503DA /* AppDelegate.m in Sources */,
				0456F0B520EDEA79003503DA /* YCPresentationController.m in Sources */,
			);
			runOnlyForDeploymentPostprocessing = 0;
		};
		0456F08A20EDE9FB003503DA /* Sources */ = {
			isa = PBXSourcesBuildPhase;
			buildActionMask = 2147483647;
			files = (
				0456F09320EDE9FB003503DA /* UIAlertViewTests.m in Sources */,
			);
			runOnlyForDeploymentPostprocessing = 0;
		};
		0456F09520EDE9FB003503DA /* Sources */ = {
			isa = PBXSourcesBuildPhase;
			buildActionMask = 2147483647;
			files = (
				0456F09E20EDE9FB003503DA /* UIAlertViewUITests.m in Sources */,
			);
			runOnlyForDeploymentPostprocessing = 0;
		};
/* End PBXSourcesBuildPhase section */

/* Begin PBXTargetDependency section */
		0456F09020EDE9FB003503DA /* PBXTargetDependency */ = {
			isa = PBXTargetDependency;
			target = 0456F07520EDE9F9003503DA /* UIAlertView */;
			targetProxy = 0456F08F20EDE9FB003503DA /* PBXContainerItemProxy */;
		};
		0456F09B20EDE9FB003503DA /* PBXTargetDependency */ = {
			isa = PBXTargetDependency;
			target = 0456F07520EDE9F9003503DA /* UIAlertView */;
			targetProxy = 0456F09A20EDE9FB003503DA /* PBXContainerItemProxy */;
		};
/* End PBXTargetDependency section */

/* Begin PBXVariantGroup section */
		0456F07F20EDE9F9003503DA /* Main.storyboard */ = {
			isa = PBXVariantGroup;
			children = (
				0456F08020EDE9F9003503DA /* Base */,
			);
			name = Main.storyboard;
			sourceTree = "<group>";
		};
		0456F08420EDE9FB003503DA /* LaunchScreen.storyboard */ = {
			isa = PBXVariantGroup;
			children = (
				0456F08520EDE9FB003503DA /* Base */,
			);
			name = LaunchScreen.storyboard;
			sourceTree = "<group>";
		};
/* End PBXVariantGroup section */

/* Begin XCBuildConfiguration section */
		0456F0A020EDE9FB003503DA /* Debug */ = {
			isa = XCBuildConfiguration;
			buildSettings = {
				ALWAYS_SEARCH_USER_PATHS = NO;
				CLANG_ANALYZER_NONNULL = YES;
				CLANG_ANALYZER_NUMBER_OBJECT_CONVERSION = YES_AGGRESSIVE;
				CLANG_CXX_LANGUAGE_STANDARD = "gnu++14";
				CLANG_CXX_LIBRARY = "libc++";
				CLANG_ENABLE_MODULES = YES;
				CLANG_ENABLE_OBJC_ARC = YES;
				CLANG_ENABLE_OBJC_WEAK = YES;
				CLANG_WARN_BLOCK_CAPTURE_AUTORELEASING = YES;
				CLANG_WARN_BOOL_CONVERSION = YES;
				CLANG_WARN_COMMA = YES;
				CLANG_WARN_CONSTANT_CONVERSION = YES;
				CLANG_WARN_DEPRECATED_OBJC_IMPLEMENTATIONS = YES;
				CLANG_WARN_DIRECT_OBJC_ISA_USAGE = YES_ERROR;
				CLANG_WARN_DOCUMENTATION_COMMENTS = YES;
				CLANG_WARN_EMPTY_BODY = YES;
				CLANG_WARN_ENUM_CONVERSION = YES;
				CLANG_WARN_INFINITE_RECURSION = YES;
				CLANG_WARN_INT_CONVERSION = YES;
				CLANG_WARN_NON_LITERAL_NULL_CONVERSION = YES;
				CLANG_WARN_OBJC_IMPLICIT_RETAIN_SELF = YES;
				CLANG_WARN_OBJC_LITERAL_CONVERSION = YES;
				CLANG_WARN_OBJC_ROOT_CLASS = YES_ERROR;
				CLANG_WARN_RANGE_LOOP_ANALYSIS = YES;
				CLANG_WARN_STRICT_PROTOTYPES = YES;
				CLANG_WARN_SUSPICIOUS_MOVE = YES;
				CLANG_WARN_UNGUARDED_AVAILABILITY = YES_AGGRESSIVE;
				CLANG_WARN_UNREACHABLE_CODE = YES;
				CLANG_WARN__DUPLICATE_METHOD_MATCH = YES;
				CODE_SIGN_IDENTITY = "iPhone Developer";
				COPY_PHASE_STRIP = NO;
				DEBUG_INFORMATION_FORMAT = dwarf;
				ENABLE_STRICT_OBJC_MSGSEND = YES;
				ENABLE_TESTABILITY = YES;
				GCC_C_LANGUAGE_STANDARD = gnu11;
				GCC_DYNAMIC_NO_PIC = NO;
				GCC_NO_COMMON_BLOCKS = YES;
				GCC_OPTIMIZATION_LEVEL = 0;
				GCC_PREPROCESSOR_DEFINITIONS = (
					"DEBUG=1",
					"$(inherited)",
				);
				GCC_WARN_64_TO_32_BIT_CONVERSION = YES;
				GCC_WARN_ABOUT_RETURN_TYPE = YES_ERROR;
				GCC_WARN_UNDECLARED_SELECTOR = YES;
				GCC_WARN_UNINITIALIZED_AUTOS = YES_AGGRESSIVE;
				GCC_WARN_UNUSED_FUNCTION = YES;
				GCC_WARN_UNUSED_VARIABLE = YES;
				IPHONEOS_DEPLOYMENT_TARGET = 11.3;
				MTL_ENABLE_DEBUG_INFO = YES;
				ONLY_ACTIVE_ARCH = YES;
				SDKROOT = iphoneos;
			};
			name = Debug;
		};
		0456F0A120EDE9FB003503DA /* Release */ = {
			isa = XCBuildConfiguration;
			buildSettings = {
				ALWAYS_SEARCH_USER_PATHS = NO;
				CLANG_ANALYZER_NONNULL = YES;
				CLANG_ANALYZER_NUMBER_OBJECT_CONVERSION = YES_AGGRESSIVE;
				CLANG_CXX_LANGUAGE_STANDARD = "gnu++14";
				CLANG_CXX_LIBRARY = "libc++";
				CLANG_ENABLE_MODULES = YES;
				CLANG_ENABLE_OBJC_ARC = YES;
				CLANG_ENABLE_OBJC_WEAK = YES;
				CLANG_WARN_BLOCK_CAPTURE_AUTORELEASING = YES;
				CLANG_WARN_BOOL_CONVERSION = YES;
				CLANG_WARN_COMMA = YES;
				CLANG_WARN_CONSTANT_CONVERSION = YES;
				CLANG_WARN_DEPRECATED_OBJC_IMPLEMENTATIONS = YES;
				CLANG_WARN_DIRECT_OBJC_ISA_USAGE = YES_ERROR;
				CLANG_WARN_DOCUMENTATION_COMMENTS = YES;
				CLANG_WARN_EMPTY_BODY = YES;
				CLANG_WARN_ENUM_CONVERSION = YES;
				CLANG_WARN_INFINITE_RECURSION = YES;
				CLANG_WARN_INT_CONVERSION = YES;
				CLANG_WARN_NON_LITERAL_NULL_CONVERSION = YES;
				CLANG_WARN_OBJC_IMPLICIT_RETAIN_SELF = YES;
				CLANG_WARN_OBJC_LITERAL_CONVERSION = YES;
				CLANG_WARN_OBJC_ROOT_CLASS = YES_ERROR;
				CLANG_WARN_RANGE_LOOP_ANALYSIS = YES;
				CLANG_WARN_STRICT_PROTOTYPES = YES;
				CLANG_WARN_SUSPICIOUS_MOVE = YES;
				CLANG_WARN_UNGUARDED_AVAILABILITY = YES_AGGRESSIVE;
				CLANG_WARN_UNREACHABLE_CODE = YES;
				CLANG_WARN__DUPLICATE_METHOD_MATCH = YES;
				CODE_SIGN_IDENTITY = "iPhone Developer";
				COPY_PHASE_STRIP = NO;
				DEBUG_INFORMATION_FORMAT = "dwarf-with-dsym";
				ENABLE_NS_ASSERTIONS = NO;
				ENABLE_STRICT_OBJC_MSGSEND = YES;
				GCC_C_LANGUAGE_STANDARD = gnu11;
				GCC_NO_COMMON_BLOCKS = YES;
				GCC_WARN_64_TO_32_BIT_CONVERSION = YES;
				GCC_WARN_ABOUT_RETURN_TYPE = YES_ERROR;
				GCC_WARN_UNDECLARED_SELECTOR = YES;
				GCC_WARN_UNINITIALIZED_AUTOS = YES_AGGRESSIVE;
				GCC_WARN_UNUSED_FUNCTION = YES;
				GCC_WARN_UNUSED_VARIABLE = YES;
				IPHONEOS_DEPLOYMENT_TARGET = 11.3;
				MTL_ENABLE_DEBUG_INFO = NO;
				SDKROOT = iphoneos;
				VALIDATE_PRODUCT = YES;
			};
			name = Release;
		};
		0456F0A320EDE9FB003503DA /* Debug */ = {
			isa = XCBuildConfiguration;
			buildSettings = {
				ASSETCATALOG_COMPILER_APPICON_NAME = AppIcon;
				CODE_SIGN_STYLE = Automatic;
				DEVELOPMENT_TEAM = 9CGEWW2EV8;
				INFOPLIST_FILE = UIAlertView/Info.plist;
				LD_RUNPATH_SEARCH_PATHS = (
					"$(inherited)",
					"@executable_path/Frameworks",
				);
				PRODUCT_BUNDLE_IDENTIFIER = qingxue.UIAlertView;
				PRODUCT_NAME = "$(TARGET_NAME)";
				TARGETED_DEVICE_FAMILY = "1,2";
			};
			name = Debug;
		};
		0456F0A420EDE9FB003503DA /* Release */ = {
			isa = XCBuildConfiguration;
			buildSettings = {
				ASSETCATALOG_COMPILER_APPICON_NAME = AppIcon;
				CODE_SIGN_STYLE = Automatic;
				DEVELOPMENT_TEAM = 9CGEWW2EV8;
				INFOPLIST_FILE = UIAlertView/Info.plist;
				LD_RUNPATH_SEARCH_PATHS = (
					"$(inherited)",
					"@executable_path/Frameworks",
				);
				PRODUCT_BUNDLE_IDENTIFIER = qingxue.UIAlertView;
				PRODUCT_NAME = "$(TARGET_NAME)";
				TARGETED_DEVICE_FAMILY = "1,2";
			};
			name = Release;
		};
		0456F0A620EDE9FB003503DA /* Debug */ = {
			isa = XCBuildConfiguration;
			buildSettings = {
				BUNDLE_LOADER = "$(TEST_HOST)";
				CODE_SIGN_STYLE = Automatic;
				DEVELOPMENT_TEAM = 9CGEWW2EV8;
				INFOPLIST_FILE = UIAlertViewTests/Info.plist;
				LD_RUNPATH_SEARCH_PATHS = (
					"$(inherited)",
					"@executable_path/Frameworks",
					"@loader_path/Frameworks",
				);
				PRODUCT_BUNDLE_IDENTIFIER = qingxue.UIAlertViewTests;
				PRODUCT_NAME = "$(TARGET_NAME)";
				TARGETED_DEVICE_FAMILY = "1,2";
				TEST_HOST = "$(BUILT_PRODUCTS_DIR)/UIAlertView.app/UIAlertView";
			};
			name = Debug;
		};
		0456F0A720EDE9FB003503DA /* Release */ = {
			isa = XCBuildConfiguration;
			buildSettings = {
				BUNDLE_LOADER = "$(TEST_HOST)";
				CODE_SIGN_STYLE = Automatic;
				DEVELOPMENT_TEAM = 9CGEWW2EV8;
				INFOPLIST_FILE = UIAlertViewTests/Info.plist;
				LD_RUNPATH_SEARCH_PATHS = (
					"$(inherited)",
					"@executable_path/Frameworks",
					"@loader_path/Frameworks",
				);
				PRODUCT_BUNDLE_IDENTIFIER = qingxue.UIAlertViewTests;
				PRODUCT_NAME = "$(TARGET_NAME)";
				TARGETED_DEVICE_FAMILY = "1,2";
				TEST_HOST = "$(BUILT_PRODUCTS_DIR)/UIAlertView.app/UIAlertView";
			};
			name = Release;
		};
		0456F0A920EDE9FB003503DA /* Debug */ = {
			isa = XCBuildConfiguration;
			buildSettings = {
				CODE_SIGN_STYLE = Automatic;
				DEVELOPMENT_TEAM = 9CGEWW2EV8;
				INFOPLIST_FILE = UIAlertViewUITests/Info.plist;
				LD_RUNPATH_SEARCH_PATHS = (
					"$(inherited)",
					"@executable_path/Frameworks",
					"@loader_path/Frameworks",
				);
				PRODUCT_BUNDLE_IDENTIFIER = qingxue.UIAlertViewUITests;
				PRODUCT_NAME = "$(TARGET_NAME)";
				TARGETED_DEVICE_FAMILY = "1,2";
				TEST_TARGET_NAME = UIAlertView;
			};
			name = Debug;
		};
		0456F0AA20EDE9FB003503DA /* Release */ = {
			isa = XCBuildConfiguration;
			buildSettings = {
				CODE_SIGN_STYLE = Automatic;
				DEVELOPMENT_TEAM = 9CGEWW2EV8;
				INFOPLIST_FILE = UIAlertViewUITests/Info.plist;
				LD_RUNPATH_SEARCH_PATHS = (
					"$(inherited)",
					"@executable_path/Frameworks",
					"@loader_path/Frameworks",
				);
				PRODUCT_BUNDLE_IDENTIFIER = qingxue.UIAlertViewUITests;
				PRODUCT_NAME = "$(TARGET_NAME)";
				TARGETED_DEVICE_FAMILY = "1,2";
				TEST_TARGET_NAME = UIAlertView;
			};
			name = Release;
		};
/* End XCBuildConfiguration section */

/* Begin XCConfigurationList section */
		0456F07120EDE9F9003503DA /* Build configuration list for PBXProject "UIAlertView" */ = {
			isa = XCConfigurationList;
			buildConfigurations = (
				0456F0A020EDE9FB003503DA /* Debug */,
				0456F0A120EDE9FB003503DA /* Release */,
			);
			defaultConfigurationIsVisible = 0;
			defaultConfigurationName = Release;
		};
		0456F0A220EDE9FB003503DA /* Build configuration list for PBXNativeTarget "UIAlertView" */ = {
			isa = XCConfigurationList;
			buildConfigurations = (
				0456F0A320EDE9FB003503DA /* Debug */,
				0456F0A420EDE9FB003503DA /* Release */,
			);
			defaultConfigurationIsVisible = 0;
			defaultConfigurationName = Release;
		};
		0456F0A520EDE9FB003503DA /* Build configuration list for PBXNativeTarget "UIAlertViewTests" */ = {
			isa = XCConfigurationList;
			buildConfigurations = (
				0456F0A620EDE9FB003503DA /* Debug */,
				0456F0A720EDE9FB003503DA /* Release */,
			);
			defaultConfigurationIsVisible = 0;
			defaultConfigurationName = Release;
		};
		0456F0A820EDE9FB003503DA /* Build configuration list for PBXNativeTarget "UIAlertViewUITests" */ = {
			isa = XCConfigurationList;
			buildConfigurations = (
				0456F0A920EDE9FB003503DA /* Debug */,
				0456F0AA20EDE9FB003503DA /* Release */,
			);
			defaultConfigurationIsVisible = 0;
			defaultConfigurationName = Release;
		};
/* End XCConfigurationList section */
	};
	rootObject = 0456F06E20EDE9F9003503DA /* Project object */;
}
